<?xml version="1.0" encoding="utf-8"?>
<Project ToolsVersion="4.0" xmlns="http://schemas.microsoft.com/developer/msbuild/2003">
  <ItemGroup>
    <Filter Include="源文件">
      <UniqueIdentifier>{4FC737F1-C7A5-4376-A066-2A32D752A2FF}</UniqueIdentifier>
      <Extensions>cpp;c;cc;cxx;c++;cppm;ixx;def;odl;idl;hpj;bat;asm;asmx</Extensions>
    </Filter>
    <Filter Include="头文件">
      <UniqueIdentifier>{93995380-89BD-4b04-88EB-625FBE52EBFB}</UniqueIdentifier>
      <Extensions>h;hh;hpp;hxx;h++;hm;inl;inc;ipp;xsd</Extensions>
    </Filter>
    <Filter Include="资源文件">
      <UniqueIdentifier>{67DA6AB6-F800-4c08-8B7A-83BB121AAD01}</UniqueIdentifier>
      <Extensions>rc;ico;cur;bmp;dlg;rc2;rct;bin;rgs;gif;jpg;jpeg;jpe;resx;tiff;tif;png;wav;mfcribbon-ms</Extensions>
    </Filter>
    <Filter Include="ThirdPartyDLLs">
      <UniqueIdentifier>{ad88b762-8dde-4554-a57c-bebe7cb55a9d}</UniqueIdentifier>
    </Filter>
    <Filter Include="字体">
      <UniqueIdentifier>{f4b8cd3b-8e5e-4a7f-8d57-3796819bb4a7}</UniqueIdentifier>
    </Filter>
  </ItemGroup>
  <ItemGroup>
    <ClCompile Include="main.cpp">
      <Filter>源文件</Filter>
    </ClCompile>
    <ClCompile Include="timer_utils.cpp">
      <Filter>源文件</Filter>
    </ClCompile>
  </ItemGroup>
  <ItemGroup>
    <CopyFileToFolders Include="third_party\sfml\bin\sfml-window-d-3.dll">
      <Filter>ThirdPartyDLLs</Filter>
    </CopyFileToFolders>
    <CopyFileToFolders Include="third_party\sfml\bin\sfml-audio-d-3.dll">
      <Filter>ThirdPartyDLLs</Filter>
    </CopyFileToFolders>
    <CopyFileToFolders Include="third_party\sfml\bin\sfml-graphics-d-3.dll">
      <Filter>ThirdPartyDLLs</Filter>
    </CopyFileToFolders>
    <CopyFileToFolders Include="third_party\sfml\bin\sfml-network-d-3.dll">
      <Filter>ThirdPartyDLLs</Filter>
    </CopyFileToFolders>
    <CopyFileToFolders Include="third_party\sfml\bin\sfml-system-d-3.dll">
      <Filter>ThirdPartyDLLs</Filter>
    </CopyFileToFolders>
    <CopyFileToFolders Include="third_party\sfml\bin\sfml-audio-3.dll">
      <Filter>ThirdPartyDLLs</Filter>
    </CopyFileToFolders>
    <CopyFileToFolders Include="third_party\sfml\bin\sfml-graphics-3.dll">
      <Filter>ThirdPartyDLLs</Filter>
    </CopyFileToFolders>
    <CopyFileToFolders Include="third_party\sfml\bin\sfml-network-3.dll">
      <Filter>ThirdPartyDLLs</Filter>
    </CopyFileToFolders>
    <CopyFileToFolders Include="third_party\sfml\bin\sfml-system-3.dll">
      <Filter>ThirdPartyDLLs</Filter>
    </CopyFileToFolders>
    <CopyFileToFolders Include="third_party\sfml\bin\sfml-window-3.dll">
      <Filter>ThirdPartyDLLs</Filter>
    </CopyFileToFolders>
    <CopyFileToFolders Include="SourceHanSerifCN-Medium.otf">
      <Filter>字体</Filter>
    </CopyFileToFolders>
  </ItemGroup>
  <ItemGroup>
    <ClInclude Include="timer_utils.h">
      <Filter>头文件</Filter>
    </ClInclude>
  </ItemGroup>
</Project>